
Microsoft Visual Studio Solution File, Format Version 12.00
# Visual Studio Version 17
VisualStudioVersion = 17.8.34309.116
MinimumVisualStudioVersion = 10.0.40219.1
Project("{FAE04EC0-301F-11D3-BF4B-00C04F79EFBC}") = "InstallerTest", "InstallerTest\InstallerTest.csproj", "{DFFD4C1E-8F7E-41D6-A1F0-5236836D1642}"
EndProject
Global
	GlobalSection(SolutionConfigurationPlatforms) = preSolution
		Debug|Any CPU = Debug|Any CPU
		Release|Any CPU = Release|Any CPU
	EndGlobalSection
	GlobalSection(ProjectConfigurationPlatforms) = postSolution
		{DFFD4C1E-8F7E-41D6-A1F0-5236836D1642}.Debug|Any CPU.ActiveCfg = Debug|Any CPU
		{DFFD4C1E-8F7E-41D6-A1F0-5236836D1642}.Debug|Any CPU.Build.0 = Debug|Any CPU
		{DFFD4C1E-8F7E-41D6-A1F0-5236836D1642}.Release|Any CPU.ActiveCfg = Release|Any CPU
		{DFFD4C1E-8F7E-41D6-A1F0-5236836D1642}.Release|Any CPU.Build.0 = Release|Any CPU
	EndGlobalSection
	GlobalSection(SolutionProperties) = preSolution
		HideSolutionNode = FALSE
	EndGlobalSection
	GlobalSection(ExtensibilityGlobals) = postSolution
		SolutionGuid = {0C174253-9671-4715-84B5-1589BEF79481}
	EndGlobalSection
EndGlobal
